<Solution>
  <Folder Name="/src/" />
  <Folder Name="/src/BuildingBlocks/">
    <Project Path="src/BuildingBlocks/EIP.BuildingBlocks.csproj" />
  </Folder>
  <Folder Name="/src/BuildingBlocks.Data/">
    <Project Path="src/BuildingBlocks.Data/EIP.BuildingBlocks.Data.csproj" />
  </Folder>
  <Folder Name="/src/BuildingBlocks.Web/">
    <Project Path="src/BuildingBlocks.Web/EIP.BuildingBlocks.Web.csproj" />
  </Folder>
  <Folder Name="/src/Gateway/">
    <Project Path="src/Gateway/EIP.Gateway.csproj" />
  </Folder>
  <Folder Name="/src/Host/">
    <Project Path="src/Host/EIP.Host.csproj" />
  </Folder>
  <Folder Name="/src/Data/" />
  <Folder Name="/src/Data/Canonical/" />
  <Folder Name="/src/Data/Canonical/Application/">
    <Project Path="src/Data/Canonical/Application/EIP.Data.Canonical.Application.csproj" />
  </Folder>
  <Folder Name="/src/Data/Canonical/Domain/">
    <Project Path="src/Data/Canonical/Domain/EIP.Data.Canonical.Domain.csproj" />
  </Folder>
  <Folder Name="/src/Data/Canonical/Infrastructure/">
    <Project Path="src/Data/Canonical/Infrastructure/EIP.Data.Canonical.Infrastructure.csproj" />
  </Folder>
  <Folder Name="/src/Data/Connector/" />
  <Folder Name="/src/Data/Connector/Api/">
    <Project Path="src/Data/Connector/Api/EIP.Data.Connector.Api.csproj" />
  </Folder>
  <Folder Name="/src/Data/Connector/Application/">
    <Project Path="src/Data/Connector/Application/EIP.Data.Connector.Application.csproj" />
  </Folder>
  <Folder Name="/src/Data/Connector/Domain/">
    <Project Path="src/Data/Connector/Domain/EIP.Data.Connector.Domain.csproj" />
  </Folder>
  <Folder Name="/src/Data/Connector/Infrastructure/">
    <Project Path="src/Data/Connector/Infrastructure/EIP.Data.Connector.Infrastructure.csproj" />
  </Folder>
  <Folder Name="/src/Data/DataLake/">
    <Project Path="src/Data/DataLake/EIP.Data.DataLake.csproj" />
  </Folder>
  <Folder Name="/src/Data/DataLake.Infrastructure/">
    <Project Path="src/Data/DataLake.Infrastructure/EIP.Data.DataLake.Infrastructure.csproj" />
  </Folder>
  <Folder Name="/src/Data/Pipeline/">
    <Project Path="src/Data/Pipeline/EIP.Data.Pipeline.csproj" />
  </Folder>
  <Folder Name="/src/Data/Semantic/" />
  <Folder Name="/src/Data/Semantic/Api/">
    <Project Path="src/Data/Semantic/Api/EIP.Data.Semantic.Api.csproj" />
  </Folder>
  <Folder Name="/src/Data/Semantic/Application/">
    <Project Path="src/Data/Semantic/Application/EIP.Data.Semantic.Application.csproj" />
  </Folder>
  <Folder Name="/src/Data/Warehouse/" />
  <Folder Name="/src/Data/Warehouse/Application/">
    <Project Path="src/Data/Warehouse/Application/EIP.Data.Warehouse.Application.csproj" />
  </Folder>
  <Folder Name="/src/Data/Warehouse/Domain/">
    <Project Path="src/Data/Warehouse/Domain/EIP.Data.Warehouse.Domain.csproj" />
  </Folder>
  <Folder Name="/src/Data/Warehouse/Infrastructure/">
    <Project Path="src/Data/Warehouse/Infrastructure/EIP.Data.Warehouse.Infrastructure.csproj" />
  </Folder>
  <Folder Name="/src/Platform/" />
  <Folder Name="/src/Platform/Identity/" />
  <Folder Name="/src/Platform/Identity/Api/">
    <Project Path="src/Platform/Identity/Api/EIP.Platform.Identity.Api.csproj" />
  </Folder>
  <Folder Name="/src/Platform/Identity/Application/">
    <Project Path="src/Platform/Identity/Application/EIP.Platform.Identity.Application.csproj" />
  </Folder>
  <Folder Name="/src/Platform/Identity/Domain/">
    <Project Path="src/Platform/Identity/Domain/EIP.Platform.Identity.Domain.csproj" />
  </Folder>
  <Folder Name="/src/Platform/Identity/Infrastructure/">
    <Project Path="src/Platform/Identity/Infrastructure/EIP.Platform.Identity.Infrastructure.csproj" />
  </Folder>
  <Folder Name="/src/Platform/Tenant/" />
  <Folder Name="/src/Platform/Tenant/Api/">
    <Project Path="src/Platform/Tenant/Api/EIP.Platform.Tenant.Api.csproj" />
  </Folder>
  <Folder Name="/src/Platform/Tenant/Application/">
    <Project Path="src/Platform/Tenant/Application/EIP.Platform.Tenant.Application.csproj" />
  </Folder>
  <Folder Name="/src/Platform/Tenant/Domain/">
    <Project Path="src/Platform/Tenant/Domain/EIP.Platform.Tenant.Domain.csproj" />
  </Folder>
  <Folder Name="/src/Platform/Tenant/Infrastructure/">
    <Project Path="src/Platform/Tenant/Infrastructure/EIP.Platform.Tenant.Infrastructure.csproj" />
  </Folder>
  <Folder Name="/src/Shared/">
    <Project Path="src/Shared/EIP.Shared.csproj" />
  </Folder>
  <Folder Name="/src/Worker/">
    <Project Path="src/Worker/EIP.Worker.Sync.csproj" />
  </Folder>
  <Folder Name="/tests/" />
  <Folder Name="/tests/Integration/">
    <Project Path="tests/Integration/EIP.Data.Canonical.Infrastructure.IntegrationTests/EIP.Data.Canonical.Infrastructure.IntegrationTests.csproj" />
    <Project Path="tests/Integration/EIP.Data.Connector.IntegrationTests/EIP.Data.Connector.IntegrationTests.csproj" />
    <Project Path="tests/Integration/EIP.Data.DataLake.Infrastructure.IntegrationTests/EIP.Data.DataLake.Infrastructure.IntegrationTests.csproj" />
    <Project Path="tests/Integration/EIP.Data.Pipeline.IntegrationTests/EIP.Data.Pipeline.IntegrationTests.csproj" />
    <Project Path="tests/Integration/EIP.Data.Warehouse.IntegrationTests/EIP.Data.Warehouse.IntegrationTests.csproj" />
    <Project Path="tests/Integration/EIP.Host.IntegrationTests/EIP.Host.IntegrationTests.csproj" />
    <Project Path="tests/Integration/EIP.Platform.Tenant.Infrastructure.IntegrationTests/EIP.Platform.Tenant.Infrastructure.IntegrationTests.csproj" />
  </Folder>
  <Folder Name="/tests/Support/">
    <Project Path="tests/Support/EIP.Testing.Infrastructure/EIP.Testing.Infrastructure.csproj" />
  </Folder>
</Solution>
